
Microsoft Visual Studio Solution File, Format Version 12.00
# Visual Studio Version 16
VisualStudioVersion = 16.0.28803.202
MinimumVisualStudioVersion = 10.0.40219.1
Project("{9A19103F-16F7-4668-BE54-9A1E7A4F7556}") = "JMusik.Data", "JMusik.Data\JMusik.Data.csproj", "{73DD776A-8424-4149-954C-98633705A6E8}"
EndProject
Project("{9A19103F-16F7-4668-BE54-9A1E7A4F7556}") = "JMusik.Models", "JMusik.Models\JMusik.Models.csproj", "{56C58E2F-AE0B-4DB7-963F-D3EE086ECA03}"
EndProject
Project("{9A19103F-16F7-4668-BE54-9A1E7A4F7556}") = "JMusik.WebApi", "JMusik.WebApi\JMusik.WebApi.csproj", "{D7162791-68B7-4978-AC2B-B9A39BE43253}"
EndProject
Project("{FAE04EC0-301F-11D3-BF4B-00C04F79EFBC}") = "JMusik.Dtos", "JMusik.Dtos\JMusik.Dtos.csproj", "{9A90812A-9C34-45FC-8802-4DD2798A235A}"
EndProject
Global
	GlobalSection(SolutionConfigurationPlatforms) = preSolution
		Debug|Any CPU = Debug|Any CPU
		Release|Any CPU = Release|Any CPU
	EndGlobalSection
	GlobalSection(ProjectConfigurationPlatforms) = postSolution
		{73DD776A-8424-4149-954C-98633705A6E8}.Debug|Any CPU.ActiveCfg = Debug|Any CPU
		{73DD776A-8424-4149-954C-98633705A6E8}.Debug|Any CPU.Build.0 = Debug|Any CPU
		{73DD776A-8424-4149-954C-98633705A6E8}.Release|Any CPU.ActiveCfg = Release|Any CPU
		{73DD776A-8424-4149-954C-98633705A6E8}.Release|Any CPU.Build.0 = Release|Any CPU
		{56C58E2F-AE0B-4DB7-963F-D3EE086ECA03}.Debug|Any CPU.ActiveCfg = Debug|Any CPU
		{56C58E2F-AE0B-4DB7-963F-D3EE086ECA03}.Debug|Any CPU.Build.0 = Debug|Any CPU
		{56C58E2F-AE0B-4DB7-963F-D3EE086ECA03}.Release|Any CPU.ActiveCfg = Release|Any CPU
		{56C58E2F-AE0B-4DB7-963F-D3EE086ECA03}.Release|Any CPU.Build.0 = Release|Any CPU
		{D7162791-68B7-4978-AC2B-B9A39BE43253}.Debug|Any CPU.ActiveCfg = Debug|Any CPU
		{D7162791-68B7-4978-AC2B-B9A39BE43253}.Debug|Any CPU.Build.0 = Debug|Any CPU
		{D7162791-68B7-4978-AC2B-B9A39BE43253}.Release|Any CPU.ActiveCfg = Release|Any CPU
		{9A90812A-9C34-45FC-8802-4DD2798A235A}.Debug|Any CPU.ActiveCfg = Debug|Any CPU
		{9A90812A-9C34-45FC-8802-4DD2798A235A}.Debug|Any CPU.Build.0 = Debug|Any CPU
		{9A90812A-9C34-45FC-8802-4DD2798A235A}.Release|Any CPU.ActiveCfg = Release|Any CPU
		{9A90812A-9C34-45FC-8802-4DD2798A235A}.Release|Any CPU.Build.0 = Release|Any CPU
	EndGlobalSection
	GlobalSection(SolutionProperties) = preSolution
		HideSolutionNode = FALSE
	EndGlobalSection
	GlobalSection(ExtensibilityGlobals) = postSolution
		SolutionGuid = {FC51B873-155B-4667-B9E8-BD47A66A78A7}
	EndGlobalSection
EndGlobal
